// !$*UTF8*$!
{
	archiveVersion = 1;
	classes = {
	};
	objectVersion = 56;
	objects = {

/* Begin PBXBuildFile section */
		731EE8242C0A157E006C7B0F /* AppFormatters.swift in Sources */ = {isa = PBXBuildFile; fileRef = 731EE8232C0A157E006C7B0F /* AppFormatters.swift */; };
		736821C92C075B5200FFD5FD /* SpendIncomeCell.swift in Sources */ = {isa = PBXBuildFile; fileRef = 736821C82C075B5200FFD5FD /* SpendIncomeCell.swift */; };
		736821CB2C076DEA00FFD5FD /* AddingSpendIcomeView.swift in Sources */ = {isa = PBXBuildFile; fileRef = 736821CA2C076DEA00FFD5FD /* AddingSpendIcomeView.swift */; };
		736821CD2C07CA6500FFD5FD /* AddingSpendIcomeViewModel.swift in Sources */ = {isa = PBXBuildFile; fileRef = 736821CC2C07CA6500FFD5FD /* AddingSpendIcomeViewModel.swift */; };
		73F628F72C01057000E9FEB9 /* FinanceTrackerApp.swift in Sources */ = {isa = PBXBuildFile; fileRef = 73F628F62C01057000E9FEB9 /* FinanceTrackerApp.swift */; };
		73F628FB2C01057000E9FEB9 /* DataModels.swift in Sources */ = {isa = PBXBuildFile; fileRef = 73F628FA2C01057000E9FEB9 /* DataModels.swift */; };
		73F628FD2C01057100E9FEB9 /* Assets.xcassets in Resources */ = {isa = PBXBuildFile; fileRef = 73F628FC2C01057100E9FEB9 /* Assets.xcassets */; };
		73F629002C01057100E9FEB9 /* Preview Assets.xcassets in Resources */ = {isa = PBXBuildFile; fileRef = 73F628FF2C01057100E9FEB9 /* Preview Assets.xcassets */; };
		73F6290A2C01057100E9FEB9 /* FinanceTrackerTests.swift in Sources */ = {isa = PBXBuildFile; fileRef = 73F629092C01057100E9FEB9 /* FinanceTrackerTests.swift */; };
		73F629142C01057100E9FEB9 /* FinanceTrackerUITests.swift in Sources */ = {isa = PBXBuildFile; fileRef = 73F629132C01057100E9FEB9 /* FinanceTrackerUITests.swift */; };
		73F629162C01057100E9FEB9 /* FinanceTrackerUITestsLaunchTests.swift in Sources */ = {isa = PBXBuildFile; fileRef = 73F629152C01057100E9FEB9 /* FinanceTrackerUITestsLaunchTests.swift */; };
		73F629232C01F01000E9FEB9 /* UIColor+Extension.swift in Sources */ = {isa = PBXBuildFile; fileRef = 73F629222C01F01000E9FEB9 /* UIColor+Extension.swift */; };
		73F629262C0201CC00E9FEB9 /* DataManager.swift in Sources */ = {isa = PBXBuildFile; fileRef = 73F629252C0201CC00E9FEB9 /* DataManager.swift */; };
		73F6292C2C020B8600E9FEB9 /* SpendIncomeView.swift in Sources */ = {isa = PBXBuildFile; fileRef = 73F6292B2C020B8600E9FEB9 /* SpendIncomeView.swift */; };
		73F6292E2C020BA700E9FEB9 /* SpendIncomeViewModel.swift in Sources */ = {isa = PBXBuildFile; fileRef = 73F6292D2C020BA700E9FEB9 /* SpendIncomeViewModel.swift */; };
		73F629332C039D0800E9FEB9 /* SpendIncomePicker.swift in Sources */ = {isa = PBXBuildFile; fileRef = 73F629322C039D0800E9FEB9 /* SpendIncomePicker.swift */; };
/* End PBXBuildFile section */

/* Begin PBXContainerItemProxy section */
		73F629062C01057100E9FEB9 /* PBXContainerItemProxy */ = {
			isa = PBXContainerItemProxy;
			containerPortal = 73F628EB2C01057000E9FEB9 /* Project object */;
			proxyType = 1;
			remoteGlobalIDString = 73F628F22C01057000E9FEB9;
			remoteInfo = FinanceTracker;
		};
		73F629102C01057100E9FEB9 /* PBXContainerItemProxy */ = {
			isa = PBXContainerItemProxy;
			containerPortal = 73F628EB2C01057000E9FEB9 /* Project object */;
			proxyType = 1;
			remoteGlobalIDString = 73F628F22C01057000E9FEB9;
			remoteInfo = FinanceTracker;
		};
/* End PBXContainerItemProxy section */

/* Begin PBXFileReference section */
		731EE8232C0A157E006C7B0F /* AppFormatters.swift */ = {isa = PBXFileReference; lastKnownFileType = sourcecode.swift; path = AppFormatters.swift; sourceTree = "<group>"; };
		736821C82C075B5200FFD5FD /* SpendIncomeCell.swift */ = {isa = PBXFileReference; lastKnownFileType = sourcecode.swift; path = SpendIncomeCell.swift; sourceTree = "<group>"; };
		736821CA2C076DEA00FFD5FD /* AddingSpendIcomeView.swift */ = {isa = PBXFileReference; lastKnownFileType = sourcecode.swift; path = AddingSpendIcomeView.swift; sourceTree = "<group>"; };
		736821CC2C07CA6500FFD5FD /* AddingSpendIcomeViewModel.swift */ = {isa = PBXFileReference; lastKnownFileType = sourcecode.swift; path = AddingSpendIcomeViewModel.swift; sourceTree = "<group>"; };
		73F628F32C01057000E9FEB9 /* FinanceTracker.app */ = {isa = PBXFileReference; explicitFileType = wrapper.application; includeInIndex = 0; path = FinanceTracker.app; sourceTree = BUILT_PRODUCTS_DIR; };
		73F628F62C01057000E9FEB9 /* FinanceTrackerApp.swift */ = {isa = PBXFileReference; lastKnownFileType = sourcecode.swift; path = FinanceTrackerApp.swift; sourceTree = "<group>"; };
		73F628FA2C01057000E9FEB9 /* DataModels.swift */ = {isa = PBXFileReference; lastKnownFileType = sourcecode.swift; path = DataModels.swift; sourceTree = "<group>"; };
		73F628FC2C01057100E9FEB9 /* Assets.xcassets */ = {isa = PBXFileReference; lastKnownFileType = folder.assetcatalog; path = Assets.xcassets; sourceTree = "<group>"; };
		73F628FF2C01057100E9FEB9 /* Preview Assets.xcassets */ = {isa = PBXFileReference; lastKnownFileType = folder.assetcatalog; path = "Preview Assets.xcassets"; sourceTree = "<group>"; };
		73F629052C01057100E9FEB9 /* FinanceTrackerTests.xctest */ = {isa = PBXFileReference; explicitFileType = wrapper.cfbundle; includeInIndex = 0; path = FinanceTrackerTests.xctest; sourceTree = BUILT_PRODUCTS_DIR; };
		73F629092C01057100E9FEB9 /* FinanceTrackerTests.swift */ = {isa = PBXFileReference; lastKnownFileType = sourcecode.swift; path = FinanceTrackerTests.swift; sourceTree = "<group>"; };
		73F6290F2C01057100E9FEB9 /* FinanceTrackerUITests.xctest */ = {isa = PBXFileReference; explicitFileType = wrapper.cfbundle; includeInIndex = 0; path = FinanceTrackerUITests.xctest; sourceTree = BUILT_PRODUCTS_DIR; };
		73F629132C01057100E9FEB9 /* FinanceTrackerUITests.swift */ = {isa = PBXFileReference; lastKnownFileType = sourcecode.swift; path = FinanceTrackerUITests.swift; sourceTree = "<group>"; };
		73F629152C01057100E9FEB9 /* FinanceTrackerUITestsLaunchTests.swift */ = {isa = PBXFileReference; lastKnownFileType = sourcecode.swift; path = FinanceTrackerUITestsLaunchTests.swift; sourceTree = "<group>"; };
		73F629222C01F01000E9FEB9 /* UIColor+Extension.swift */ = {isa = PBXFileReference; lastKnownFileType = sourcecode.swift; path = "UIColor+Extension.swift"; sourceTree = "<group>"; };
		73F629252C0201CC00E9FEB9 /* DataManager.swift */ = {isa = PBXFileReference; lastKnownFileType = sourcecode.swift; path = DataManager.swift; sourceTree = "<group>"; };
		73F6292B2C020B8600E9FEB9 /* SpendIncomeView.swift */ = {isa = PBXFileReference; lastKnownFileType = sourcecode.swift; path = SpendIncomeView.swift; sourceTree = "<group>"; };
		73F6292D2C020BA700E9FEB9 /* SpendIncomeViewModel.swift */ = {isa = PBXFileReference; lastKnownFileType = sourcecode.swift; path = SpendIncomeViewModel.swift; sourceTree = "<group>"; };
		73F629322C039D0800E9FEB9 /* SpendIncomePicker.swift */ = {isa = PBXFileReference; lastKnownFileType = sourcecode.swift; path = SpendIncomePicker.swift; sourceTree = "<group>"; };
/* End PBXFileReference section */

/* Begin PBXFrameworksBuildPhase section */
		73F628F02C01057000E9FEB9 /* Frameworks */ = {
			isa = PBXFrameworksBuildPhase;
			buildActionMask = 2147483647;
			files = (
			);
			runOnlyForDeploymentPostprocessing = 0;
		};
		73F629022C01057100E9FEB9 /* Frameworks */ = {
			isa = PBXFrameworksBuildPhase;
			buildActionMask = 2147483647;
			files = (
			);
			runOnlyForDeploymentPostprocessing = 0;
		};
		73F6290C2C01057100E9FEB9 /* Frameworks */ = {
			isa = PBXFrameworksBuildPhase;
			buildActionMask = 2147483647;
			files = (
			);
			runOnlyForDeploymentPostprocessing = 0;
		};
/* End PBXFrameworksBuildPhase section */

/* Begin PBXGroup section */
		73F628EA2C01057000E9FEB9 = {
			isa = PBXGroup;
			children = (
				73F628F52C01057000E9FEB9 /* FinanceTracker */,
				73F629082C01057100E9FEB9 /* FinanceTrackerTests */,
				73F629122C01057100E9FEB9 /* FinanceTrackerUITests */,
				73F628F42C01057000E9FEB9 /* Products */,
			);
			sourceTree = "<group>";
		};
		73F628F42C01057000E9FEB9 /* Products */ = {
			isa = PBXGroup;
			children = (
				73F628F32C01057000E9FEB9 /* FinanceTracker.app */,
				73F629052C01057100E9FEB9 /* FinanceTrackerTests.xctest */,
				73F6290F2C01057100E9FEB9 /* FinanceTrackerUITests.xctest */,
			);
			name = Products;
			sourceTree = "<group>";
		};
		73F628F52C01057000E9FEB9 /* FinanceTracker */ = {
			isa = PBXGroup;
			children = (
				73F628F62C01057000E9FEB9 /* FinanceTrackerApp.swift */,
				73F628FC2C01057100E9FEB9 /* Assets.xcassets */,
				73F629242C0201BB00E9FEB9 /* Services */,
				73F629272C02095900E9FEB9 /* Views */,
				73F629282C02096B00E9FEB9 /* ViewModels */,
				73F6292A2C0209AF00E9FEB9 /* Extensions */,
				73F628FE2C01057100E9FEB9 /* Preview Content */,
			);
			path = FinanceTracker;
			sourceTree = "<group>";
		};
		73F628FE2C01057100E9FEB9 /* Preview Content */ = {
			isa = PBXGroup;
			children = (
				73F628FF2C01057100E9FEB9 /* Preview Assets.xcassets */,
			);
			path = "Preview Content";
			sourceTree = "<group>";
		};
		73F629082C01057100E9FEB9 /* FinanceTrackerTests */ = {
			isa = PBXGroup;
			children = (
				73F629092C01057100E9FEB9 /* FinanceTrackerTests.swift */,
			);
			path = FinanceTrackerTests;
			sourceTree = "<group>";
		};
		73F629122C01057100E9FEB9 /* FinanceTrackerUITests */ = {
			isa = PBXGroup;
			children = (
				73F629132C01057100E9FEB9 /* FinanceTrackerUITests.swift */,
				73F629152C01057100E9FEB9 /* FinanceTrackerUITestsLaunchTests.swift */,
			);
			path = FinanceTrackerUITests;
			sourceTree = "<group>";
		};
		73F629242C0201BB00E9FEB9 /* Services */ = {
			isa = PBXGroup;
			children = (
				731EE8232C0A157E006C7B0F /* AppFormatters.swift */,
				73F629292C02098C00E9FEB9 /* DataManager */,
			);
			path = Services;
			sourceTree = "<group>";
		};
		73F629272C02095900E9FEB9 /* Views */ = {
			isa = PBXGroup;
			children = (
				73F6292B2C020B8600E9FEB9 /* SpendIncomeView.swift */,
				736821CA2C076DEA00FFD5FD /* AddingSpendIcomeView.swift */,
				73F629312C039CE800E9FEB9 /* SupportingViews */,
			);
			path = Views;
			sourceTree = "<group>";
		};
		73F629282C02096B00E9FEB9 /* ViewModels */ = {
			isa = PBXGroup;
			children = (
				73F6292D2C020BA700E9FEB9 /* SpendIncomeViewModel.swift */,
				736821CC2C07CA6500FFD5FD /* AddingSpendIcomeViewModel.swift */,
			);
			path = ViewModels;
			sourceTree = "<group>";
		};
		73F629292C02098C00E9FEB9 /* DataManager */ = {
			isa = PBXGroup;
			children = (
				73F629252C0201CC00E9FEB9 /* DataManager.swift */,
				73F628FA2C01057000E9FEB9 /* DataModels.swift */,
			);
			path = DataManager;
			sourceTree = "<group>";
		};
		73F6292A2C0209AF00E9FEB9 /* Extensions */ = {
			isa = PBXGroup;
			children = (
				73F629222C01F01000E9FEB9 /* UIColor+Extension.swift */,
			);
			path = Extensions;
			sourceTree = "<group>";
		};
		73F629312C039CE800E9FEB9 /* SupportingViews */ = {
			isa = PBXGroup;
			children = (
				73F629322C039D0800E9FEB9 /* SpendIncomePicker.swift */,
				736821C82C075B5200FFD5FD /* SpendIncomeCell.swift */,
			);
			path = SupportingViews;
			sourceTree = "<group>";
		};
/* End PBXGroup section */

/* Begin PBXNativeTarget section */
		73F628F22C01057000E9FEB9 /* FinanceTracker */ = {
			isa = PBXNativeTarget;
			buildConfigurationList = 73F629192C01057100E9FEB9 /* Build configuration list for PBXNativeTarget "FinanceTracker" */;
			buildPhases = (
				73F628EF2C01057000E9FEB9 /* Sources */,
				73F628F02C01057000E9FEB9 /* Frameworks */,
				73F628F12C01057000E9FEB9 /* Resources */,
			);
			buildRules = (
			);
			dependencies = (
			);
			name = FinanceTracker;
			productName = FinanceTracker;
			productReference = 73F628F32C01057000E9FEB9 /* FinanceTracker.app */;
			productType = "com.apple.product-type.application";
		};
		73F629042C01057100E9FEB9 /* FinanceTrackerTests */ = {
			isa = PBXNativeTarget;
			buildConfigurationList = 73F6291C2C01057100E9FEB9 /* Build configuration list for PBXNativeTarget "FinanceTrackerTests" */;
			buildPhases = (
				73F629012C01057100E9FEB9 /* Sources */,
				73F629022C01057100E9FEB9 /* Frameworks */,
				73F629032C01057100E9FEB9 /* Resources */,
			);
			buildRules = (
			);
			dependencies = (
				73F629072C01057100E9FEB9 /* PBXTargetDependency */,
			);
			name = FinanceTrackerTests;
			productName = FinanceTrackerTests;
			productReference = 73F629052C01057100E9FEB9 /* FinanceTrackerTests.xctest */;
			productType = "com.apple.product-type.bundle.unit-test";
		};
		73F6290E2C01057100E9FEB9 /* FinanceTrackerUITests */ = {
			isa = PBXNativeTarget;
			buildConfigurationList = 73F6291F2C01057100E9FEB9 /* Build configuration list for PBXNativeTarget "FinanceTrackerUITests" */;
			buildPhases = (
				73F6290B2C01057100E9FEB9 /* Sources */,
				73F6290C2C01057100E9FEB9 /* Frameworks */,
				73F6290D2C01057100E9FEB9 /* Resources */,
			);
			buildRules = (
			);
			dependencies = (
				73F629112C01057100E9FEB9 /* PBXTargetDependency */,
			);
			name = FinanceTrackerUITests;
			productName = FinanceTrackerUITests;
			productReference = 73F6290F2C01057100E9FEB9 /* FinanceTrackerUITests.xctest */;
			productType = "com.apple.product-type.bundle.ui-testing";
		};
/* End PBXNativeTarget section */

/* Begin PBXProject section */
		73F628EB2C01057000E9FEB9 /* Project object */ = {
			isa = PBXProject;
			attributes = {
				BuildIndependentTargetsInParallel = 1;
				LastSwiftUpdateCheck = 1540;
				LastUpgradeCheck = 1540;
				TargetAttributes = {
					73F628F22C01057000E9FEB9 = {
						CreatedOnToolsVersion = 15.4;
					};
					73F629042C01057100E9FEB9 = {
						CreatedOnToolsVersion = 15.4;
						TestTargetID = 73F628F22C01057000E9FEB9;
					};
					73F6290E2C01057100E9FEB9 = {
						CreatedOnToolsVersion = 15.4;
						TestTargetID = 73F628F22C01057000E9FEB9;
					};
				};
			};
			buildConfigurationList = 73F628EE2C01057000E9FEB9 /* Build configuration list for PBXProject "FinanceTracker" */;
			compatibilityVersion = "Xcode 14.0";
			developmentRegion = en;
			hasScannedForEncodings = 0;
			knownRegions = (
				en,
				Base,
			);
			mainGroup = 73F628EA2C01057000E9FEB9;
			productRefGroup = 73F628F42C01057000E9FEB9 /* Products */;
			projectDirPath = "";
			projectRoot = "";
			targets = (
				73F628F22C01057000E9FEB9 /* FinanceTracker */,
				73F629042C01057100E9FEB9 /* FinanceTrackerTests */,
				73F6290E2C01057100E9FEB9 /* FinanceTrackerUITests */,
			);
		};
/* End PBXProject section */

/* Begin PBXResourcesBuildPhase section */
		73F628F12C01057000E9FEB9 /* Resources */ = {
			isa = PBXResourcesBuildPhase;
			buildActionMask = 2147483647;
			files = (
				73F629002C01057100E9FEB9 /* Preview Assets.xcassets in Resources */,
				73F628FD2C01057100E9FEB9 /* Assets.xcassets in Resources */,
			);
			runOnlyForDeploymentPostprocessing = 0;
		};
		73F629032C01057100E9FEB9 /* Resources */ = {
			isa = PBXResourcesBuildPhase;
			buildActionMask = 2147483647;
			files = (
			);
			runOnlyForDeploymentPostprocessing = 0;
		};
		73F6290D2C01057100E9FEB9 /* Resources */ = {
			isa = PBXResourcesBuildPhase;
			buildActionMask = 2147483647;
			files = (
			);
			runOnlyForDeploymentPostprocessing = 0;
		};
/* End PBXResourcesBuildPhase section */

/* Begin PBXSourcesBuildPhase section */
		73F628EF2C01057000E9FEB9 /* Sources */ = {
			isa = PBXSourcesBuildPhase;
			buildActionMask = 2147483647;
			files = (
				736821CD2C07CA6500FFD5FD /* AddingSpendIcomeViewModel.swift in Sources */,
				73F629262C0201CC00E9FEB9 /* DataManager.swift in Sources */,
				73F628FB2C01057000E9FEB9 /* DataModels.swift in Sources */,
				736821CB2C076DEA00FFD5FD /* AddingSpendIcomeView.swift in Sources */,
				73F628F72C01057000E9FEB9 /* FinanceTrackerApp.swift in Sources */,
				73F6292C2C020B8600E9FEB9 /* SpendIncomeView.swift in Sources */,
				73F629332C039D0800E9FEB9 /* SpendIncomePicker.swift in Sources */,
				731EE8242C0A157E006C7B0F /* AppFormatters.swift in Sources */,
				736821C92C075B5200FFD5FD /* SpendIncomeCell.swift in Sources */,
				73F629232C01F01000E9FEB9 /* UIColor+Extension.swift in Sources */,
				73F6292E2C020BA700E9FEB9 /* SpendIncomeViewModel.swift in Sources */,
			);
			runOnlyForDeploymentPostprocessing = 0;
		};
		73F629012C01057100E9FEB9 /* Sources */ = {
			isa = PBXSourcesBuildPhase;
			buildActionMask = 2147483647;
			files = (
				73F6290A2C01057100E9FEB9 /* FinanceTrackerTests.swift in Sources */,
			);
			runOnlyForDeploymentPostprocessing = 0;
		};
		73F6290B2C01057100E9FEB9 /* Sources */ = {
			isa = PBXSourcesBuildPhase;
			buildActionMask = 2147483647;
			files = (
				73F629162C01057100E9FEB9 /* FinanceTrackerUITestsLaunchTests.swift in Sources */,
				73F629142C01057100E9FEB9 /* FinanceTrackerUITests.swift in Sources */,
			);
			runOnlyForDeploymentPostprocessing = 0;
		};
/* End PBXSourcesBuildPhase section */

/* Begin PBXTargetDependency section */
		73F629072C01057100E9FEB9 /* PBXTargetDependency */ = {
			isa = PBXTargetDependency;
			target = 73F628F22C01057000E9FEB9 /* FinanceTracker */;
			targetProxy = 73F629062C01057100E9FEB9 /* PBXContainerItemProxy */;
		};
		73F629112C01057100E9FEB9 /* PBXTargetDependency */ = {
			isa = PBXTargetDependency;
			target = 73F628F22C01057000E9FEB9 /* FinanceTracker */;
			targetProxy = 73F629102C01057100E9FEB9 /* PBXContainerItemProxy */;
		};
/* End PBXTargetDependency section */

/* Begin XCBuildConfiguration section */
		73F629172C01057100E9FEB9 /* Debug */ = {
			isa = XCBuildConfiguration;
			buildSettings = {
				ALWAYS_SEARCH_USER_PATHS = NO;
				ASSETCATALOG_COMPILER_GENERATE_SWIFT_ASSET_SYMBOL_EXTENSIONS = YES;
				CLANG_ANALYZER_NONNULL = YES;
				CLANG_ANALYZER_NUMBER_OBJECT_CONVERSION = YES_AGGRESSIVE;
				CLANG_CXX_LANGUAGE_STANDARD = "gnu++20";
				CLANG_ENABLE_MODULES = YES;
				CLANG_ENABLE_OBJC_ARC = YES;
				CLANG_ENABLE_OBJC_WEAK = YES;
				CLANG_WARN_BLOCK_CAPTURE_AUTORELEASING = YES;
				CLANG_WARN_BOOL_CONVERSION = YES;
				CLANG_WARN_COMMA = YES;
				CLANG_WARN_CONSTANT_CONVERSION = YES;
				CLANG_WARN_DEPRECATED_OBJC_IMPLEMENTATIONS = YES;
				CLANG_WARN_DIRECT_OBJC_ISA_USAGE = YES_ERROR;
				CLANG_WARN_DOCUMENTATION_COMMENTS = YES;
				CLANG_WARN_EMPTY_BODY = YES;
				CLANG_WARN_ENUM_CONVERSION = YES;
				CLANG_WARN_INFINITE_RECURSION = YES;
				CLANG_WARN_INT_CONVERSION = YES;
				CLANG_WARN_NON_LITERAL_NULL_CONVERSION = YES;
				CLANG_WARN_OBJC_IMPLICIT_RETAIN_SELF = YES;
				CLANG_WARN_OBJC_LITERAL_CONVERSION = YES;
				CLANG_WARN_OBJC_ROOT_CLASS = YES_ERROR;
				CLANG_WARN_QUOTED_INCLUDE_IN_FRAMEWORK_HEADER = YES;
				CLANG_WARN_RANGE_LOOP_ANALYSIS = YES;
				CLANG_WARN_STRICT_PROTOTYPES = YES;
				CLANG_WARN_SUSPICIOUS_MOVE = YES;
				CLANG_WARN_UNGUARDED_AVAILABILITY = YES_AGGRESSIVE;
				CLANG_WARN_UNREACHABLE_CODE = YES;
				CLANG_WARN__DUPLICATE_METHOD_MATCH = YES;
				COPY_PHASE_STRIP = NO;
				DEBUG_INFORMATION_FORMAT = dwarf;
				ENABLE_STRICT_OBJC_MSGSEND = YES;
				ENABLE_TESTABILITY = YES;
				ENABLE_USER_SCRIPT_SANDBOXING = YES;
				GCC_C_LANGUAGE_STANDARD = gnu17;
				GCC_DYNAMIC_NO_PIC = NO;
				GCC_NO_COMMON_BLOCKS = YES;
				GCC_OPTIMIZATION_LEVEL = 0;
				GCC_PREPROCESSOR_DEFINITIONS = (
					"DEBUG=1",
					"$(inherited)",
				);
				GCC_WARN_64_TO_32_BIT_CONVERSION = YES;
				GCC_WARN_ABOUT_RETURN_TYPE = YES_ERROR;
				GCC_WARN_UNDECLARED_SELECTOR = YES;
				GCC_WARN_UNINITIALIZED_AUTOS = YES_AGGRESSIVE;
				GCC_WARN_UNUSED_FUNCTION = YES;
				GCC_WARN_UNUSED_VARIABLE = YES;
				IPHONEOS_DEPLOYMENT_TARGET = 17.5;
				LOCALIZATION_PREFERS_STRING_CATALOGS = YES;
				MTL_ENABLE_DEBUG_INFO = INCLUDE_SOURCE;
				MTL_FAST_MATH = YES;
				ONLY_ACTIVE_ARCH = YES;
				SDKROOT = iphoneos;
				SWIFT_ACTIVE_COMPILATION_CONDITIONS = "DEBUG $(inherited)";
				SWIFT_OPTIMIZATION_LEVEL = "-Onone";
			};
			name = Debug;
		};
		73F629182C01057100E9FEB9 /* Release */ = {
			isa = XCBuildConfiguration;
			buildSettings = {
				ALWAYS_SEARCH_USER_PATHS = NO;
				ASSETCATALOG_COMPILER_GENERATE_SWIFT_ASSET_SYMBOL_EXTENSIONS = YES;
				CLANG_ANALYZER_NONNULL = YES;
				CLANG_ANALYZER_NUMBER_OBJECT_CONVERSION = YES_AGGRESSIVE;
				CLANG_CXX_LANGUAGE_STANDARD = "gnu++20";
				CLANG_ENABLE_MODULES = YES;
				CLANG_ENABLE_OBJC_ARC = YES;
				CLANG_ENABLE_OBJC_WEAK = YES;
				CLANG_WARN_BLOCK_CAPTURE_AUTORELEASING = YES;
				CLANG_WARN_BOOL_CONVERSION = YES;
				CLANG_WARN_COMMA = YES;
				CLANG_WARN_CONSTANT_CONVERSION = YES;
				CLANG_WARN_DEPRECATED_OBJC_IMPLEMENTATIONS = YES;
				CLANG_WARN_DIRECT_OBJC_ISA_USAGE = YES_ERROR;
				CLANG_WARN_DOCUMENTATION_COMMENTS = YES;
				CLANG_WARN_EMPTY_BODY = YES;
				CLANG_WARN_ENUM_CONVERSION = YES;
				CLANG_WARN_INFINITE_RECURSION = YES;
				CLANG_WARN_INT_CONVERSION = YES;
				CLANG_WARN_NON_LITERAL_NULL_CONVERSION = YES;
				CLANG_WARN_OBJC_IMPLICIT_RETAIN_SELF = YES;
				CLANG_WARN_OBJC_LITERAL_CONVERSION = YES;
				CLANG_WARN_OBJC_ROOT_CLASS = YES_ERROR;
				CLANG_WARN_QUOTED_INCLUDE_IN_FRAMEWORK_HEADER = YES;
				CLANG_WARN_RANGE_LOOP_ANALYSIS = YES;
				CLANG_WARN_STRICT_PROTOTYPES = YES;
				CLANG_WARN_SUSPICIOUS_MOVE = YES;
				CLANG_WARN_UNGUARDED_AVAILABILITY = YES_AGGRESSIVE;
				CLANG_WARN_UNREACHABLE_CODE = YES;
				CLANG_WARN__DUPLICATE_METHOD_MATCH = YES;
				COPY_PHASE_STRIP = NO;
				DEBUG_INFORMATION_FORMAT = "dwarf-with-dsym";
				ENABLE_NS_ASSERTIONS = NO;
				ENABLE_STRICT_OBJC_MSGSEND = YES;
				ENABLE_USER_SCRIPT_SANDBOXING = YES;
				GCC_C_LANGUAGE_STANDARD = gnu17;
				GCC_NO_COMMON_BLOCKS = YES;
				GCC_WARN_64_TO_32_BIT_CONVERSION = YES;
				GCC_WARN_ABOUT_RETURN_TYPE = YES_ERROR;
				GCC_WARN_UNDECLARED_SELECTOR = YES;
				GCC_WARN_UNINITIALIZED_AUTOS = YES_AGGRESSIVE;
				GCC_WARN_UNUSED_FUNCTION = YES;
				GCC_WARN_UNUSED_VARIABLE = YES;
				IPHONEOS_DEPLOYMENT_TARGET = 17.5;
				LOCALIZATION_PREFERS_STRING_CATALOGS = YES;
				MTL_ENABLE_DEBUG_INFO = NO;
				MTL_FAST_MATH = YES;
				SDKROOT = iphoneos;
				SWIFT_COMPILATION_MODE = wholemodule;
				VALIDATE_PRODUCT = YES;
			};
			name = Release;
		};
		73F6291A2C01057100E9FEB9 /* Debug */ = {
			isa = XCBuildConfiguration;
			buildSettings = {
				ASSETCATALOG_COMPILER_APPICON_NAME = AppIcon;
				ASSETCATALOG_COMPILER_GLOBAL_ACCENT_COLOR_NAME = AccentColor;
				CODE_SIGN_STYLE = Automatic;
				CURRENT_PROJECT_VERSION = 1;
				DEVELOPMENT_ASSET_PATHS = "\"FinanceTracker/Preview Content\"";
				DEVELOPMENT_TEAM = 7P2A9ACZ7S;
				ENABLE_PREVIEWS = YES;
				GENERATE_INFOPLIST_FILE = YES;
				INFOPLIST_KEY_CFBundleDisplayName = "Finance Tracker";
				INFOPLIST_KEY_LSApplicationCategoryType = "public.app-category.finance";
				INFOPLIST_KEY_UIApplicationSceneManifest_Generation = YES;
				INFOPLIST_KEY_UIApplicationSupportsIndirectInputEvents = YES;
				INFOPLIST_KEY_UILaunchScreen_Generation = YES;
				INFOPLIST_KEY_UISupportedInterfaceOrientations = UIInterfaceOrientationPortrait;
				INFOPLIST_KEY_UISupportedInterfaceOrientations_iPad = "UIInterfaceOrientationLandscapeLeft UIInterfaceOrientationLandscapeRight UIInterfaceOrientationPortrait UIInterfaceOrientationPortraitUpsideDown";
				IPHONEOS_DEPLOYMENT_TARGET = 17.0;
				LD_RUNPATH_SEARCH_PATHS = (
					"$(inherited)",
					"@executable_path/Frameworks",
				);
				MARKETING_VERSION = 0.1;
				PRODUCT_BUNDLE_IDENTIFIER = finance.FinanceTracker;
				PRODUCT_NAME = "$(TARGET_NAME)";
				SWIFT_EMIT_LOC_STRINGS = YES;
				SWIFT_VERSION = 5.0;
				TARGETED_DEVICE_FAMILY = "1,2";
			};
			name = Debug;
		};
		73F6291B2C01057100E9FEB9 /* Release */ = {
			isa = XCBuildConfiguration;
			buildSettings = {
				ASSETCATALOG_COMPILER_APPICON_NAME = AppIcon;
				ASSETCATALOG_COMPILER_GLOBAL_ACCENT_COLOR_NAME = AccentColor;
				CODE_SIGN_STYLE = Automatic;
				CURRENT_PROJECT_VERSION = 1;
				DEVELOPMENT_ASSET_PATHS = "\"FinanceTracker/Preview Content\"";
				DEVELOPMENT_TEAM = 7P2A9ACZ7S;
				ENABLE_PREVIEWS = YES;
				GENERATE_INFOPLIST_FILE = YES;
				INFOPLIST_KEY_CFBundleDisplayName = "Finance Tracker";
				INFOPLIST_KEY_LSApplicationCategoryType = "public.app-category.finance";
				INFOPLIST_KEY_UIApplicationSceneManifest_Generation = YES;
				INFOPLIST_KEY_UIApplicationSupportsIndirectInputEvents = YES;
				INFOPLIST_KEY_UILaunchScreen_Generation = YES;
				INFOPLIST_KEY_UISupportedInterfaceOrientations = UIInterfaceOrientationPortrait;
				INFOPLIST_KEY_UISupportedInterfaceOrientations_iPad = "UIInterfaceOrientationLandscapeLeft UIInterfaceOrientationLandscapeRight UIInterfaceOrientationPortrait UIInterfaceOrientationPortraitUpsideDown";
				IPHONEOS_DEPLOYMENT_TARGET = 17.0;
				LD_RUNPATH_SEARCH_PATHS = (
					"$(inherited)",
					"@executable_path/Frameworks",
				);
				MARKETING_VERSION = 0.1;
				PRODUCT_BUNDLE_IDENTIFIER = finance.FinanceTracker;
				PRODUCT_NAME = "$(TARGET_NAME)";
				SWIFT_EMIT_LOC_STRINGS = YES;
				SWIFT_VERSION = 5.0;
				TARGETED_DEVICE_FAMILY = "1,2";
			};
			name = Release;
		};
		73F6291D2C01057100E9FEB9 /* Debug */ = {
			isa = XCBuildConfiguration;
			buildSettings = {
				ALWAYS_EMBED_SWIFT_STANDARD_LIBRARIES = YES;
				BUNDLE_LOADER = "$(TEST_HOST)";
				CODE_SIGN_STYLE = Automatic;
				CURRENT_PROJECT_VERSION = 1;
				DEVELOPMENT_TEAM = 7P2A9ACZ7S;
				GENERATE_INFOPLIST_FILE = YES;
				IPHONEOS_DEPLOYMENT_TARGET = 17.5;
				MARKETING_VERSION = 1.0;
				PRODUCT_BUNDLE_IDENTIFIER = finance.FinanceTrackerTests;
				PRODUCT_NAME = "$(TARGET_NAME)";
				SWIFT_EMIT_LOC_STRINGS = NO;
				SWIFT_VERSION = 5.0;
				TARGETED_DEVICE_FAMILY = "1,2";
				TEST_HOST = "$(BUILT_PRODUCTS_DIR)/FinanceTracker.app/$(BUNDLE_EXECUTABLE_FOLDER_PATH)/FinanceTracker";
			};
			name = Debug;
		};
		73F6291E2C01057100E9FEB9 /* Release */ = {
			isa = XCBuildConfiguration;
			buildSettings = {
				ALWAYS_EMBED_SWIFT_STANDARD_LIBRARIES = YES;
				BUNDLE_LOADER = "$(TEST_HOST)";
				CODE_SIGN_STYLE = Automatic;
				CURRENT_PROJECT_VERSION = 1;
				DEVELOPMENT_TEAM = 7P2A9ACZ7S;
				GENERATE_INFOPLIST_FILE = YES;
				IPHONEOS_DEPLOYMENT_TARGET = 17.5;
				MARKETING_VERSION = 1.0;
				PRODUCT_BUNDLE_IDENTIFIER = finance.FinanceTrackerTests;
				PRODUCT_NAME = "$(TARGET_NAME)";
				SWIFT_EMIT_LOC_STRINGS = NO;
				SWIFT_VERSION = 5.0;
				TARGETED_DEVICE_FAMILY = "1,2";
				TEST_HOST = "$(BUILT_PRODUCTS_DIR)/FinanceTracker.app/$(BUNDLE_EXECUTABLE_FOLDER_PATH)/FinanceTracker";
			};
			name = Release;
		};
		73F629202C01057100E9FEB9 /* Debug */ = {
			isa = XCBuildConfiguration;
			buildSettings = {
				ALWAYS_EMBED_SWIFT_STANDARD_LIBRARIES = YES;
				CODE_SIGN_STYLE = Automatic;
				CURRENT_PROJECT_VERSION = 1;
				DEVELOPMENT_TEAM = 7P2A9ACZ7S;
				GENERATE_INFOPLIST_FILE = YES;
				MARKETING_VERSION = 1.0;
				PRODUCT_BUNDLE_IDENTIFIER = finance.FinanceTrackerUITests;
				PRODUCT_NAME = "$(TARGET_NAME)";
				SWIFT_EMIT_LOC_STRINGS = NO;
				SWIFT_VERSION = 5.0;
				TARGETED_DEVICE_FAMILY = "1,2";
				TEST_TARGET_NAME = FinanceTracker;
			};
			name = Debug;
		};
		73F629212C01057100E9FEB9 /* Release */ = {
			isa = XCBuildConfiguration;
			buildSettings = {
				ALWAYS_EMBED_SWIFT_STANDARD_LIBRARIES = YES;
				CODE_SIGN_STYLE = Automatic;
				CURRENT_PROJECT_VERSION = 1;
				DEVELOPMENT_TEAM = 7P2A9ACZ7S;
				GENERATE_INFOPLIST_FILE = YES;
				MARKETING_VERSION = 1.0;
				PRODUCT_BUNDLE_IDENTIFIER = finance.FinanceTrackerUITests;
				PRODUCT_NAME = "$(TARGET_NAME)";
				SWIFT_EMIT_LOC_STRINGS = NO;
				SWIFT_VERSION = 5.0;
				TARGETED_DEVICE_FAMILY = "1,2";
				TEST_TARGET_NAME = FinanceTracker;
			};
			name = Release;
		};
/* End XCBuildConfiguration section */

/* Begin XCConfigurationList section */
		73F628EE2C01057000E9FEB9 /* Build configuration list for PBXProject "FinanceTracker" */ = {
			isa = XCConfigurationList;
			buildConfigurations = (
				73F629172C01057100E9FEB9 /* Debug */,
				73F629182C01057100E9FEB9 /* Release */,
			);
			defaultConfigurationIsVisible = 0;
			defaultConfigurationName = Release;
		};
		73F629192C01057100E9FEB9 /* Build configuration list for PBXNativeTarget "FinanceTracker" */ = {
			isa = XCConfigurationList;
			buildConfigurations = (
				73F6291A2C01057100E9FEB9 /* Debug */,
				73F6291B2C01057100E9FEB9 /* Release */,
			);
			defaultConfigurationIsVisible = 0;
			defaultConfigurationName = Release;
		};
		73F6291C2C01057100E9FEB9 /* Build configuration list for PBXNativeTarget "FinanceTrackerTests" */ = {
			isa = XCConfigurationList;
			buildConfigurations = (
				73F6291D2C01057100E9FEB9 /* Debug */,
				73F6291E2C01057100E9FEB9 /* Release */,
			);
			defaultConfigurationIsVisible = 0;
			defaultConfigurationName = Release;
		};
		73F6291F2C01057100E9FEB9 /* Build configuration list for PBXNativeTarget "FinanceTrackerUITests" */ = {
			isa = XCConfigurationList;
			buildConfigurations = (
				73F629202C01057100E9FEB9 /* Debug */,
				73F629212C01057100E9FEB9 /* Release */,
			);
			defaultConfigurationIsVisible = 0;
			defaultConfigurationName = Release;
		};
/* End XCConfigurationList section */
	};
	rootObject = 73F628EB2C01057000E9FEB9 /* Project object */;
}
